
Microsoft Visual Studio Solution File, Format Version 12.00
# Visual Studio 15
VisualStudioVersion = 15.0.26430.13
MinimumVisualStudioVersion = 10.0.40219.1
Project("{9A19103F-16F7-4668-BE54-9A1E7A4F7556}") = "MyTrx.Api", "MyTrx.Api\MyTrx.Api.csproj", "{1C5600CB-B7EA-4DEC-8A1C-3294B38276E6}"
EndProject
Project("{9A19103F-16F7-4668-BE54-9A1E7A4F7556}") = "MyTrx.Data", "MyTrx.Data\MyTrx.Data.csproj", "{BF69FE40-D09F-4760-A740-29707C1793CF}"
EndProject
Project("{FAE04EC0-301F-11D3-BF4B-00C04F79EFBC}") = "MyTrx.BusinessLogic", "MyTrx.BusinessLogic\MyTrx.BusinessLogic.csproj", "{53FAA189-1833-4F6A-9BE9-8903B2BBF0A6}"
EndProject
Global
	GlobalSection(SolutionConfigurationPlatforms) = preSolution
		Debug|Any CPU = Debug|Any CPU
		Release|Any CPU = Release|Any CPU
	EndGlobalSection
	GlobalSection(ProjectConfigurationPlatforms) = postSolution
		{1C5600CB-B7EA-4DEC-8A1C-3294B38276E6}.Debug|Any CPU.ActiveCfg = Debug|Any CPU
		{1C5600CB-B7EA-4DEC-8A1C-3294B38276E6}.Debug|Any CPU.Build.0 = Debug|Any CPU
		{1C5600CB-B7EA-4DEC-8A1C-3294B38276E6}.Release|Any CPU.ActiveCfg = Release|Any CPU
		{1C5600CB-B7EA-4DEC-8A1C-3294B38276E6}.Release|Any CPU.Build.0 = Release|Any CPU
		{BF69FE40-D09F-4760-A740-29707C1793CF}.Debug|Any CPU.ActiveCfg = Debug|Any CPU
		{BF69FE40-D09F-4760-A740-29707C1793CF}.Debug|Any CPU.Build.0 = Debug|Any CPU
		{BF69FE40-D09F-4760-A740-29707C1793CF}.Release|Any CPU.ActiveCfg = Release|Any CPU
		{BF69FE40-D09F-4760-A740-29707C1793CF}.Release|Any CPU.Build.0 = Release|Any CPU
		{53FAA189-1833-4F6A-9BE9-8903B2BBF0A6}.Debug|Any CPU.ActiveCfg = Debug|Any CPU
		{53FAA189-1833-4F6A-9BE9-8903B2BBF0A6}.Debug|Any CPU.Build.0 = Debug|Any CPU
		{53FAA189-1833-4F6A-9BE9-8903B2BBF0A6}.Release|Any CPU.ActiveCfg = Release|Any CPU
		{53FAA189-1833-4F6A-9BE9-8903B2BBF0A6}.Release|Any CPU.Build.0 = Release|Any CPU
	EndGlobalSection
	GlobalSection(SolutionProperties) = preSolution
		HideSolutionNode = FALSE
	EndGlobalSection
EndGlobal
