
Microsoft Visual Studio Solution File, Format Version 12.00
# Visual Studio 15
VisualStudioVersion = 15.0.26730.10
MinimumVisualStudioVersion = 10.0.40219.1
Project("{9A19103F-16F7-4668-BE54-9A1E7A4F7556}") = "MyTrx.Api", "MyTrx.Api\MyTrx.Api.csproj", "{1C5600CB-B7EA-4DEC-8A1C-3294B38276E6}"
EndProject
Project("{9A19103F-16F7-4668-BE54-9A1E7A4F7556}") = "MyTrx.Data", "MyTrx.Data\MyTrx.Data.csproj", "{BF69FE40-D09F-4760-A740-29707C1793CF}"
EndProject
Project("{9A19103F-16F7-4668-BE54-9A1E7A4F7556}") = "MyTrx.BusinessLogic", "MyTrx.BusinessLogic\MyTrx.BusinessLogic.csproj", "{53FAA189-1833-4F6A-9BE9-8903B2BBF0A6}"
EndProject
Project("{9A19103F-16F7-4668-BE54-9A1E7A4F7556}") = "MyTrx.Test", "MyTrx.Test\MyTrx.Test.csproj", "{3CA6BD54-55AB-4863-A9E7-715BEEF92959}"
EndProject
Project("{9A19103F-16F7-4668-BE54-9A1E7A4F7556}") = "MyTrx.Web", "MyTrx.Web\MyTrx.Web.csproj", "{3FE24EAE-5F84-497E-87F1-9A645C3002FB}"
EndProject
Project("{2150E333-8FDC-42A3-9474-1A3956D46DE8}") = "Config", "Config", "{929D5C87-BE9F-4503-87C8-9F2E8A29EE94}"
	ProjectSection(SolutionItems) = preProject
		Config\appsettings.Development.json = Config\appsettings.Development.json
		Config\appsettings.json = Config\appsettings.json
	EndProjectSection
EndProject
Global
	GlobalSection(SolutionConfigurationPlatforms) = preSolution
		Debug|Any CPU = Debug|Any CPU
		Release|Any CPU = Release|Any CPU
	EndGlobalSection
	GlobalSection(ProjectConfigurationPlatforms) = postSolution
		{1C5600CB-B7EA-4DEC-8A1C-3294B38276E6}.Debug|Any CPU.ActiveCfg = Debug|Any CPU
		{1C5600CB-B7EA-4DEC-8A1C-3294B38276E6}.Debug|Any CPU.Build.0 = Debug|Any CPU
		{1C5600CB-B7EA-4DEC-8A1C-3294B38276E6}.Release|Any CPU.ActiveCfg = Release|Any CPU
		{1C5600CB-B7EA-4DEC-8A1C-3294B38276E6}.Release|Any CPU.Build.0 = Release|Any CPU
		{BF69FE40-D09F-4760-A740-29707C1793CF}.Debug|Any CPU.ActiveCfg = Debug|Any CPU
		{BF69FE40-D09F-4760-A740-29707C1793CF}.Debug|Any CPU.Build.0 = Debug|Any CPU
		{BF69FE40-D09F-4760-A740-29707C1793CF}.Release|Any CPU.ActiveCfg = Release|Any CPU
		{BF69FE40-D09F-4760-A740-29707C1793CF}.Release|Any CPU.Build.0 = Release|Any CPU
		{53FAA189-1833-4F6A-9BE9-8903B2BBF0A6}.Debug|Any CPU.ActiveCfg = Debug|Any CPU
		{53FAA189-1833-4F6A-9BE9-8903B2BBF0A6}.Debug|Any CPU.Build.0 = Debug|Any CPU
		{53FAA189-1833-4F6A-9BE9-8903B2BBF0A6}.Release|Any CPU.ActiveCfg = Release|Any CPU
		{53FAA189-1833-4F6A-9BE9-8903B2BBF0A6}.Release|Any CPU.Build.0 = Release|Any CPU
		{3CA6BD54-55AB-4863-A9E7-715BEEF92959}.Debug|Any CPU.ActiveCfg = Debug|Any CPU
		{3CA6BD54-55AB-4863-A9E7-715BEEF92959}.Debug|Any CPU.Build.0 = Debug|Any CPU
		{3CA6BD54-55AB-4863-A9E7-715BEEF92959}.Release|Any CPU.ActiveCfg = Release|Any CPU
		{3CA6BD54-55AB-4863-A9E7-715BEEF92959}.Release|Any CPU.Build.0 = Release|Any CPU
		{3FE24EAE-5F84-497E-87F1-9A645C3002FB}.Debug|Any CPU.ActiveCfg = Debug|Any CPU
		{3FE24EAE-5F84-497E-87F1-9A645C3002FB}.Debug|Any CPU.Build.0 = Debug|Any CPU
		{3FE24EAE-5F84-497E-87F1-9A645C3002FB}.Release|Any CPU.ActiveCfg = Release|Any CPU
		{3FE24EAE-5F84-497E-87F1-9A645C3002FB}.Release|Any CPU.Build.0 = Release|Any CPU
	EndGlobalSection
	GlobalSection(SolutionProperties) = preSolution
		HideSolutionNode = FALSE
	EndGlobalSection
	GlobalSection(ExtensibilityGlobals) = postSolution
		SolutionGuid = {CE5D325E-5ADE-4165-A970-35EC4D50EB90}
	EndGlobalSection
EndGlobal
